
Microsoft Visual Studio Solution File, Format Version 12.00
# Visual Studio Version 16
VisualStudioVersion = 16.0.29123.88
MinimumVisualStudioVersion = 10.0.40219.1
Project("{FAE04EC0-301F-11D3-BF4B-00C04F79EFBC}") = "Parsing Roman Numbers", "Parsing Roman Numbers\Parsing Roman Numbers.csproj", "{BC1871EE-2680-40C7-ACEF-6C1D8A16D249}"
EndProject
Global
	GlobalSection(SolutionConfigurationPlatforms) = preSolution
		Debug|Any CPU = Debug|Any CPU
		Release|Any CPU = Release|Any CPU
	EndGlobalSection
	GlobalSection(ProjectConfigurationPlatforms) = postSolution
		{BC1871EE-2680-40C7-ACEF-6C1D8A16D249}.Debug|Any CPU.ActiveCfg = Debug|Any CPU
		{BC1871EE-2680-40C7-ACEF-6C1D8A16D249}.Debug|Any CPU.Build.0 = Debug|Any CPU
		{BC1871EE-2680-40C7-ACEF-6C1D8A16D249}.Release|Any CPU.ActiveCfg = Release|Any CPU
		{BC1871EE-2680-40C7-ACEF-6C1D8A16D249}.Release|Any CPU.Build.0 = Release|Any CPU
	EndGlobalSection
	GlobalSection(SolutionProperties) = preSolution
		HideSolutionNode = FALSE
	EndGlobalSection
	GlobalSection(ExtensibilityGlobals) = postSolution
		SolutionGuid = {8EBFE16F-CFAD-465C-A7F3-11FF02BBEDAE}
	EndGlobalSection
EndGlobal
